
Microsoft Visual Studio Solution File, Format Version 12.00
# Visual Studio Version 16
VisualStudioVersion = 16.0.31205.134
MinimumVisualStudioVersion = 10.0.40219.1
Project("{9A19103F-16F7-4668-BE54-9A1E7A4F7556}") = "BallOrder", "BallOrder\BallOrder.csproj", "{B0543C85-DA92-4C64-9394-9774780E2747}"
EndProject
Project("{FAE04EC0-301F-11D3-BF4B-00C04F79EFBC}") = "BallOrderInfrastructure", "BallOrderInfrastructure\BallOrderInfrastructure.csproj", "{5A9931A7-1660-4E1E-B920-1AB4708B71F5}"
EndProject
Project("{FAE04EC0-301F-11D3-BF4B-00C04F79EFBC}") = "BallOrderDomain", "BallOrderDomain\BallOrderDomain.csproj", "{4F55930B-A15B-44A7-ABE8-DA3A59E5E130}"
EndProject
Global
	GlobalSection(SolutionConfigurationPlatforms) = preSolution
		Debug|Any CPU = Debug|Any CPU
		Release|Any CPU = Release|Any CPU
	EndGlobalSection
	GlobalSection(ProjectConfigurationPlatforms) = postSolution
		{B0543C85-DA92-4C64-9394-9774780E2747}.Debug|Any CPU.ActiveCfg = Debug|Any CPU
		{B0543C85-DA92-4C64-9394-9774780E2747}.Debug|Any CPU.Build.0 = Debug|Any CPU
		{B0543C85-DA92-4C64-9394-9774780E2747}.Release|Any CPU.ActiveCfg = Release|Any CPU
		{B0543C85-DA92-4C64-9394-9774780E2747}.Release|Any CPU.Build.0 = Release|Any CPU
		{5A9931A7-1660-4E1E-B920-1AB4708B71F5}.Debug|Any CPU.ActiveCfg = Debug|Any CPU
		{5A9931A7-1660-4E1E-B920-1AB4708B71F5}.Debug|Any CPU.Build.0 = Debug|Any CPU
		{5A9931A7-1660-4E1E-B920-1AB4708B71F5}.Release|Any CPU.ActiveCfg = Release|Any CPU
		{5A9931A7-1660-4E1E-B920-1AB4708B71F5}.Release|Any CPU.Build.0 = Release|Any CPU
		{4F55930B-A15B-44A7-ABE8-DA3A59E5E130}.Debug|Any CPU.ActiveCfg = Debug|Any CPU
		{4F55930B-A15B-44A7-ABE8-DA3A59E5E130}.Debug|Any CPU.Build.0 = Debug|Any CPU
		{4F55930B-A15B-44A7-ABE8-DA3A59E5E130}.Release|Any CPU.ActiveCfg = Release|Any CPU
		{4F55930B-A15B-44A7-ABE8-DA3A59E5E130}.Release|Any CPU.Build.0 = Release|Any CPU
	EndGlobalSection
	GlobalSection(SolutionProperties) = preSolution
		HideSolutionNode = FALSE
	EndGlobalSection
	GlobalSection(ExtensibilityGlobals) = postSolution
		SolutionGuid = {928A5472-97B3-4039-ADE3-8030A634AD92}
	EndGlobalSection
EndGlobal
